
Microsoft Visual Studio Solution File, Format Version 12.00
# Visual Studio Version 16
VisualStudioVersion = 16.0.31424.327
MinimumVisualStudioVersion = 10.0.40219.1
Project("{FAE04EC0-301F-11D3-BF4B-00C04F79EFBC}") = "minmax", "minmax\minmax.csproj", "{39B4287A-485C-497A-A658-16022029E273}"
EndProject
Global
	GlobalSection(SolutionConfigurationPlatforms) = preSolution
		Debug|Any CPU = Debug|Any CPU
		Release|Any CPU = Release|Any CPU
	EndGlobalSection
	GlobalSection(ProjectConfigurationPlatforms) = postSolution
		{39B4287A-485C-497A-A658-16022029E273}.Debug|Any CPU.ActiveCfg = Debug|Any CPU
		{39B4287A-485C-497A-A658-16022029E273}.Debug|Any CPU.Build.0 = Debug|Any CPU
		{39B4287A-485C-497A-A658-16022029E273}.Release|Any CPU.ActiveCfg = Release|Any CPU
		{39B4287A-485C-497A-A658-16022029E273}.Release|Any CPU.Build.0 = Release|Any CPU
	EndGlobalSection
	GlobalSection(SolutionProperties) = preSolution
		HideSolutionNode = FALSE
	EndGlobalSection
	GlobalSection(ExtensibilityGlobals) = postSolution
		SolutionGuid = {6B6619F6-D53A-4201-80B1-575091274476}
	EndGlobalSection
EndGlobal
